# THIS IS AN AUTOGENERATED FILE. DO NOT EDIT THIS FILE DIRECTLY.
# yarn lockfile v1


bunker@0.1.X:
  version "0.1.2"
  resolved "https://registry.yarnpkg.com/bunker/-/bunker-0.1.2.tgz#c88992464a8e2a6ede86930375f92b58077ef97c"
  integrity sha1-yImSRkqOKm7ehpMDdfkrWAd++Xw=
  dependencies:
    burrito ">=0.2.5 <0.3"

"burrito@>=0.2.5 <0.3":
  version "0.2.12"
  resolved "https://registry.yarnpkg.com/burrito/-/burrito-0.2.12.tgz#d0d6e6ac81d5e99789c6fa4accb0b0031ea54f6b"
  integrity sha1-0NbmrIHV6ZeJxvpKzLCwAx6lT2s=
  dependencies:
    traverse "~0.5.1"
    uglify-js "~1.1.1"

inherits@*:
  version "2.0.4"
  resolved "https://registry.yarnpkg.com/inherits/-/inherits-2.0.4.tgz#0fa2c64f932917c3433a0ded55363aae37416b7c"
  integrity sha512-k/vGaX4/Yla3WzyMCvTQOXYeIHvqOKtnqBduzTHpzpQZzAskKMhZ2K+EnBiSM9zGSoIFeMpXKxa4dYeZIQqewQ==

runforcover@~0.0.2:
  version "0.0.2"
  resolved "https://registry.yarnpkg.com/runforcover/-/runforcover-0.0.2.tgz#344f057d8d45d33aebc6cc82204678f69c4857cc"
  integrity sha1-NE8FfY1F0zrrxsyCIEZ49pxIV8w=
  dependencies:
    bunker "0.1.X"

slide@*:
  version "1.1.6"
  resolved "https://registry.yarnpkg.com/slide/-/slide-1.1.6.tgz#56eb027d65b4d2dce6cb2e2d32c4d4afc9e1d707"
  integrity sha1-VusCfWW00tzmyy4tMsTUr8nh1wc=

tap@0.1.x:
  version "0.1.4"
  resolved "https://registry.yarnpkg.com/tap/-/tap-0.1.4.tgz#4c0ea8f5b6a768621c38e0de2d7f358bc454a8b8"
  integrity sha1-TA6o9banaGIcOODeLX81i8RUqLg=
  dependencies:
    inherits "*"
    runforcover "~0.0.2"
    slide "*"
    yamlish "*"

traverse@~0.5.1:
  version "0.5.2"
  resolved "https://registry.yarnpkg.com/traverse/-/traverse-0.5.2.tgz#e203c58d5f7f0e37db6e74c0acb929bb09b61d85"
  integrity sha1-4gPFjV9/DjfbbnTArLkpuwm2HYU=

uglify-js@~1.1.1:
  version "1.1.1"
  resolved "https://registry.yarnpkg.com/uglify-js/-/uglify-js-1.1.1.tgz#ee71a97c4cefd06a1a9b20437f34118982aa035b"
  integrity sha1-7nGpfEzv0GoamyBDfzQRiYKqA1s=

yamlish@*:
  version "0.0.7"
  resolved "https://registry.yarnpkg.com/yamlish/-/yamlish-0.0.7.tgz#b4af9a1dcc63618873c3d6e451ec3213c39a57fb"
  integrity sha1-tK+aHcxjYYhzw9bkUewyE8OaV/s=
